// !$*UTF8*$!
{
	archiveVersion = 1;
	classes = {
	};
	objectVersion = 48;
	objects = {

/* Begin PBXBuildFile section */
		A001316D203AD17F0048E565 /* AppDelegate.m in Sources */ = {isa = PBXBuildFile; fileRef = A001316C203AD17F0048E565 /* AppDelegate.m */; };
		A0013173203AD17F0048E565 /* Main.storyboard in Resources */ = {isa = PBXBuildFile; fileRef = A0013171203AD17F0048E565 /* Main.storyboard */; };
		A0013176203AD17F0048E565 /* tasks.xcdatamodeld in Sources */ = {isa = PBXBuildFile; fileRef = A0013174203AD17F0048E565 /* tasks.xcdatamodeld */; };
		A0013178203AD17F0048E565 /* Assets.xcassets in Resources */ = {isa = PBXBuildFile; fileRef = A0013177203AD17F0048E565 /* Assets.xcassets */; };
		A001317B203AD17F0048E565 /* LaunchScreen.storyboard in Resources */ = {isa = PBXBuildFile; fileRef = A0013179203AD17F0048E565 /* LaunchScreen.storyboard */; };
		A001317E203AD17F0048E565 /* main.m in Sources */ = {isa = PBXBuildFile; fileRef = A001317D203AD17F0048E565 /* main.m */; };
		A0013193203AD17F0048E565 /* tasksUITests.m in Sources */ = {isa = PBXBuildFile; fileRef = A0013192203AD17F0048E565 /* tasksUITests.m */; };
		A0B30B23203ADBF800645AD6 /* TaskTest.m in Sources */ = {isa = PBXBuildFile; fileRef = A0B30B22203ADBF800645AD6 /* TaskTest.m */; };
		A0B30B26203ADC3C00645AD6 /* Task.m in Sources */ = {isa = PBXBuildFile; fileRef = A0B30B25203ADC3C00645AD6 /* Task.m */; };
		F70ADF4C2044057000EFE025 /* InMemoryTaskRepository.m in Sources */ = {isa = PBXBuildFile; fileRef = F70ADF4B2044057000EFE025 /* InMemoryTaskRepository.m */; };
		F70ADF5C20440E5B00EFE025 /* libOCMock.a in Frameworks */ = {isa = PBXBuildFile; fileRef = F70ADF5B20440E5B00EFE025 /* libOCMock.a */; };
		F70ADF5E20440E7700EFE025 /* libOCMock.a in Frameworks */ = {isa = PBXBuildFile; fileRef = F70ADF5B20440E5B00EFE025 /* libOCMock.a */; };
		F70ADFC72045110E00EFE025 /* ReactiveObjC.framework in Frameworks */ = {isa = PBXBuildFile; fileRef = F70ADFBE204510CA00EFE025 /* ReactiveObjC.framework */; };
		F70ADFCA2045114F00EFE025 /* ReactiveObjC.framework in Copy Frameworks */ = {isa = PBXBuildFile; fileRef = F70ADFBE204510CA00EFE025 /* ReactiveObjC.framework */; settings = {ATTRIBUTES = (CodeSignOnCopy, RemoveHeadersOnCopy, ); }; };
		F70ADFCF2045494200EFE025 /* TaskDetailViewController.m in Sources */ = {isa = PBXBuildFile; fileRef = F70ADFCE2045494200EFE025 /* TaskDetailViewController.m */; };
		F70ADFD520454A0600EFE025 /* TaskDetailViewModel.m in Sources */ = {isa = PBXBuildFile; fileRef = F70ADFD420454A0600EFE025 /* TaskDetailViewModel.m */; };
		F70F7AA22043EE6A00692058 /* TaskTableViewCell.m in Sources */ = {isa = PBXBuildFile; fileRef = F70F7AA12043EE6A00692058 /* TaskTableViewCell.m */; };
		F70F7AA52043F17F00692058 /* TaskListViewModelFactory.m in Sources */ = {isa = PBXBuildFile; fileRef = F70F7AA42043F17F00692058 /* TaskListViewModelFactory.m */; };
		F70F7AA82043F47600692058 /* ManageTaskFactory.m in Sources */ = {isa = PBXBuildFile; fileRef = F70F7AA72043F47600692058 /* ManageTaskFactory.m */; };
		F759250C20401188006C96CD /* TasksTableViewController.m in Sources */ = {isa = PBXBuildFile; fileRef = F759250B20401188006C96CD /* TasksTableViewController.m */; };
		F7592512204016FB006C96CD /* ManageTaskTest.m in Sources */ = {isa = PBXBuildFile; fileRef = F7592511204016FB006C96CD /* ManageTaskTest.m */; };
		F759251520401889006C96CD /* TaskListingItem.m in Sources */ = {isa = PBXBuildFile; fileRef = F759251420401889006C96CD /* TaskListingItem.m */; };
		F75925172040214A006C96CD /* ManageTaskImpl.m in Sources */ = {isa = PBXBuildFile; fileRef = F75925162040214A006C96CD /* ManageTaskImpl.m */; };
		F759251E2043B7F3006C96CD /* TaskListViewModelTest.m in Sources */ = {isa = PBXBuildFile; fileRef = F759251D2043B7F3006C96CD /* TaskListViewModelTest.m */; };
		F75925222043B88C006C96CD /* TaskListViewModel.m in Sources */ = {isa = PBXBuildFile; fileRef = F75925212043B88C006C96CD /* TaskListViewModel.m */; };
		F75925252043BF9E006C96CD /* TaskListItemViewModel.m in Sources */ = {isa = PBXBuildFile; fileRef = F75925242043BF9E006C96CD /* TaskListItemViewModel.m */; };
/* End PBXBuildFile section */

/* Begin PBXContainerItemProxy section */
		A0013184203AD17F0048E565 /* PBXContainerItemProxy */ = {
			isa = PBXContainerItemProxy;
			containerPortal = A0013160203AD17F0048E565 /* Project object */;
			proxyType = 1;
			remoteGlobalIDString = A0013167203AD17F0048E565;
			remoteInfo = tasks;
		};
		A001318F203AD17F0048E565 /* PBXContainerItemProxy */ = {
			isa = PBXContainerItemProxy;
			containerPortal = A0013160203AD17F0048E565 /* Project object */;
			proxyType = 1;
			remoteGlobalIDString = A0013167203AD17F0048E565;
			remoteInfo = tasks;
		};
		F70ADFB9204510CA00EFE025 /* PBXContainerItemProxy */ = {
			isa = PBXContainerItemProxy;
			containerPortal = F70ADFAF204510CA00EFE025 /* ReactiveObjC.xcodeproj */;
			proxyType = 2;
			remoteGlobalIDString = D04725EA19E49ED7006002AA;
			remoteInfo = "ReactiveObjC-macOS";
		};
		F70ADFBB204510CA00EFE025 /* PBXContainerItemProxy */ = {
			isa = PBXContainerItemProxy;
			containerPortal = F70ADFAF204510CA00EFE025 /* ReactiveObjC.xcodeproj */;
			proxyType = 2;
			remoteGlobalIDString = D04725F519E49ED7006002AA;
			remoteInfo = "ReactiveObjC-macOSTests";
		};
		F70ADFBD204510CA00EFE025 /* PBXContainerItemProxy */ = {
			isa = PBXContainerItemProxy;
			containerPortal = F70ADFAF204510CA00EFE025 /* ReactiveObjC.xcodeproj */;
			proxyType = 2;
			remoteGlobalIDString = D047260C19E49F82006002AA;
			remoteInfo = "ReactiveObjC-iOS";
		};
		F70ADFBF204510CA00EFE025 /* PBXContainerItemProxy */ = {
			isa = PBXContainerItemProxy;
			containerPortal = F70ADFAF204510CA00EFE025 /* ReactiveObjC.xcodeproj */;
			proxyType = 2;
			remoteGlobalIDString = D047261619E49F82006002AA;
			remoteInfo = "ReactiveObjC-iOSTests";
		};
		F70ADFC1204510CA00EFE025 /* PBXContainerItemProxy */ = {
			isa = PBXContainerItemProxy;
			containerPortal = F70ADFAF204510CA00EFE025 /* ReactiveObjC.xcodeproj */;
			proxyType = 2;
			remoteGlobalIDString = A9B315541B3940610001CB9C;
			remoteInfo = "ReactiveObjC-watchOS";
		};
		F70ADFC3204510CA00EFE025 /* PBXContainerItemProxy */ = {
			isa = PBXContainerItemProxy;
			containerPortal = F70ADFAF204510CA00EFE025 /* ReactiveObjC.xcodeproj */;
			proxyType = 2;
			remoteGlobalIDString = 57A4D2411BA13D7A00F7D4B1;
			remoteInfo = "ReactiveObjC-tvOS";
		};
		F70ADFC5204510CA00EFE025 /* PBXContainerItemProxy */ = {
			isa = PBXContainerItemProxy;
			containerPortal = F70ADFAF204510CA00EFE025 /* ReactiveObjC.xcodeproj */;
			proxyType = 2;
			remoteGlobalIDString = 7DFBED031CDB8C9500EE435B;
			remoteInfo = "ReactiveObjC-tvOSTests";
		};
		F70ADFCB2045116100EFE025 /* PBXContainerItemProxy */ = {
			isa = PBXContainerItemProxy;
			containerPortal = F70ADFAF204510CA00EFE025 /* ReactiveObjC.xcodeproj */;
			proxyType = 1;
			remoteGlobalIDString = D047260B19E49F82006002AA;
			remoteInfo = "ReactiveObjC-iOS";
		};
/* End PBXContainerItemProxy section */

/* Begin PBXCopyFilesBuildPhase section */
		F70ADFC82045112300EFE025 /* Copy Frameworks */ = {
			isa = PBXCopyFilesBuildPhase;
			buildActionMask = 2147483647;
			dstPath = "";
			dstSubfolderSpec = 10;
			files = (
				F70ADFCA2045114F00EFE025 /* ReactiveObjC.framework in Copy Frameworks */,
			);
			name = "Copy Frameworks";
			runOnlyForDeploymentPostprocessing = 0;
		};
/* End PBXCopyFilesBuildPhase section */

/* Begin PBXFileReference section */
		A0013168203AD17F0048E565 /* tasks.app */ = {isa = PBXFileReference; explicitFileType = wrapper.application; includeInIndex = 0; path = tasks.app; sourceTree = BUILT_PRODUCTS_DIR; };
		A001316B203AD17F0048E565 /* AppDelegate.h */ = {isa = PBXFileReference; lastKnownFileType = sourcecode.c.h; path = AppDelegate.h; sourceTree = "<group>"; };
		A001316C203AD17F0048E565 /* AppDelegate.m */ = {isa = PBXFileReference; lastKnownFileType = sourcecode.c.objc; path = AppDelegate.m; sourceTree = "<group>"; };
		A0013172203AD17F0048E565 /* Base */ = {isa = PBXFileReference; lastKnownFileType = file.storyboard; name = Base; path = Base.lproj/Main.storyboard; sourceTree = "<group>"; };
		A0013175203AD17F0048E565 /* tasks.xcdatamodel */ = {isa = PBXFileReference; lastKnownFileType = wrapper.xcdatamodel; path = tasks.xcdatamodel; sourceTree = "<group>"; };
		A0013177203AD17F0048E565 /* Assets.xcassets */ = {isa = PBXFileReference; lastKnownFileType = folder.assetcatalog; path = Assets.xcassets; sourceTree = "<group>"; };
		A001317A203AD17F0048E565 /* Base */ = {isa = PBXFileReference; lastKnownFileType = file.storyboard; name = Base; path = Base.lproj/LaunchScreen.storyboard; sourceTree = "<group>"; };
		A001317C203AD17F0048E565 /* Info.plist */ = {isa = PBXFileReference; lastKnownFileType = text.plist.xml; path = Info.plist; sourceTree = "<group>"; };
		A001317D203AD17F0048E565 /* main.m */ = {isa = PBXFileReference; lastKnownFileType = sourcecode.c.objc; path = main.m; sourceTree = "<group>"; };
		A0013183203AD17F0048E565 /* tasksTests.xctest */ = {isa = PBXFileReference; explicitFileType = wrapper.cfbundle; includeInIndex = 0; path = tasksTests.xctest; sourceTree = BUILT_PRODUCTS_DIR; };
		A0013189203AD17F0048E565 /* Info.plist */ = {isa = PBXFileReference; lastKnownFileType = text.plist.xml; path = Info.plist; sourceTree = "<group>"; };
		A001318E203AD17F0048E565 /* tasksUITests.xctest */ = {isa = PBXFileReference; explicitFileType = wrapper.cfbundle; includeInIndex = 0; path = tasksUITests.xctest; sourceTree = BUILT_PRODUCTS_DIR; };
		A0013192203AD17F0048E565 /* tasksUITests.m */ = {isa = PBXFileReference; lastKnownFileType = sourcecode.c.objc; path = tasksUITests.m; sourceTree = "<group>"; };
		A0013194203AD17F0048E565 /* Info.plist */ = {isa = PBXFileReference; lastKnownFileType = text.plist.xml; path = Info.plist; sourceTree = "<group>"; };
		A0B30B22203ADBF800645AD6 /* TaskTest.m */ = {isa = PBXFileReference; lastKnownFileType = sourcecode.c.objc; path = TaskTest.m; sourceTree = "<group>"; };
		A0B30B24203ADC3C00645AD6 /* Task.h */ = {isa = PBXFileReference; lastKnownFileType = sourcecode.c.h; path = Task.h; sourceTree = "<group>"; };
		A0B30B25203ADC3C00645AD6 /* Task.m */ = {isa = PBXFileReference; lastKnownFileType = sourcecode.c.objc; path = Task.m; sourceTree = "<group>"; };
		F70ADF4A2044057000EFE025 /* InMemoryTaskRepository.h */ = {isa = PBXFileReference; lastKnownFileType = sourcecode.c.h; path = InMemoryTaskRepository.h; sourceTree = "<group>"; };
		F70ADF4B2044057000EFE025 /* InMemoryTaskRepository.m */ = {isa = PBXFileReference; lastKnownFileType = sourcecode.c.objc; path = InMemoryTaskRepository.m; sourceTree = "<group>"; };
		F70ADF5120440E5B00EFE025 /* OCMockObject.h */ = {isa = PBXFileReference; fileEncoding = 4; lastKnownFileType = sourcecode.c.h; path = OCMockObject.h; sourceTree = "<group>"; };
		F70ADF5220440E5B00EFE025 /* OCMMacroState.h */ = {isa = PBXFileReference; fileEncoding = 4; lastKnownFileType = sourcecode.c.h; path = OCMMacroState.h; sourceTree = "<group>"; };
		F70ADF5320440E5B00EFE025 /* OCMock.h */ = {isa = PBXFileReference; fileEncoding = 4; lastKnownFileType = sourcecode.c.h; path = OCMock.h; sourceTree = "<group>"; };
		F70ADF5420440E5B00EFE025 /* NSNotificationCenter+OCMAdditions.h */ = {isa = PBXFileReference; fileEncoding = 4; lastKnownFileType = sourcecode.c.h; path = "NSNotificationCenter+OCMAdditions.h"; sourceTree = "<group>"; };
		F70ADF5520440E5B00EFE025 /* OCMFunctions.h */ = {isa = PBXFileReference; fileEncoding = 4; lastKnownFileType = sourcecode.c.h; path = OCMFunctions.h; sourceTree = "<group>"; };
		F70ADF5620440E5B00EFE025 /* OCMStubRecorder.h */ = {isa = PBXFileReference; fileEncoding = 4; lastKnownFileType = sourcecode.c.h; path = OCMStubRecorder.h; sourceTree = "<group>"; };
		F70ADF5720440E5B00EFE025 /* OCMRecorder.h */ = {isa = PBXFileReference; fileEncoding = 4; lastKnownFileType = sourcecode.c.h; path = OCMRecorder.h; sourceTree = "<group>"; };
		F70ADF5820440E5B00EFE025 /* OCMLocation.h */ = {isa = PBXFileReference; fileEncoding = 4; lastKnownFileType = sourcecode.c.h; path = OCMLocation.h; sourceTree = "<group>"; };
		F70ADF5920440E5B00EFE025 /* OCMConstraint.h */ = {isa = PBXFileReference; fileEncoding = 4; lastKnownFileType = sourcecode.c.h; path = OCMConstraint.h; sourceTree = "<group>"; };
		F70ADF5A20440E5B00EFE025 /* OCMArg.h */ = {isa = PBXFileReference; fileEncoding = 4; lastKnownFileType = sourcecode.c.h; path = OCMArg.h; sourceTree = "<group>"; };
		F70ADF5B20440E5B00EFE025 /* libOCMock.a */ = {isa = PBXFileReference; lastKnownFileType = archive.ar; path = libOCMock.a; sourceTree = "<group>"; };
		F70ADFAF204510CA00EFE025 /* ReactiveObjC.xcodeproj */ = {isa = PBXFileReference; lastKnownFileType = "wrapper.pb-project"; name = ReactiveObjC.xcodeproj; path = ReactiveObjC/ReactiveObjC.xcodeproj; sourceTree = "<group>"; };
		F70ADFCD2045494200EFE025 /* TaskDetailViewController.h */ = {isa = PBXFileReference; lastKnownFileType = sourcecode.c.h; path = TaskDetailViewController.h; sourceTree = "<group>"; };
		F70ADFCE2045494200EFE025 /* TaskDetailViewController.m */ = {isa = PBXFileReference; lastKnownFileType = sourcecode.c.objc; path = TaskDetailViewController.m; sourceTree = "<group>"; };
		F70ADFD320454A0600EFE025 /* TaskDetailViewModel.h */ = {isa = PBXFileReference; lastKnownFileType = sourcecode.c.h; path = TaskDetailViewModel.h; sourceTree = "<group>"; };
		F70ADFD420454A0600EFE025 /* TaskDetailViewModel.m */ = {isa = PBXFileReference; lastKnownFileType = sourcecode.c.objc; path = TaskDetailViewModel.m; sourceTree = "<group>"; };
		F70F7AA02043EE6A00692058 /* TaskTableViewCell.h */ = {isa = PBXFileReference; lastKnownFileType = sourcecode.c.h; path = TaskTableViewCell.h; sourceTree = "<group>"; };
		F70F7AA12043EE6A00692058 /* TaskTableViewCell.m */ = {isa = PBXFileReference; lastKnownFileType = sourcecode.c.objc; path = TaskTableViewCell.m; sourceTree = "<group>"; };
		F70F7AA32043F17F00692058 /* TaskListViewModelFactory.h */ = {isa = PBXFileReference; lastKnownFileType = sourcecode.c.h; path = TaskListViewModelFactory.h; sourceTree = "<group>"; };
		F70F7AA42043F17F00692058 /* TaskListViewModelFactory.m */ = {isa = PBXFileReference; lastKnownFileType = sourcecode.c.objc; path = TaskListViewModelFactory.m; sourceTree = "<group>"; };
		F70F7AA62043F47600692058 /* ManageTaskFactory.h */ = {isa = PBXFileReference; lastKnownFileType = sourcecode.c.h; path = ManageTaskFactory.h; sourceTree = "<group>"; };
		F70F7AA72043F47600692058 /* ManageTaskFactory.m */ = {isa = PBXFileReference; lastKnownFileType = sourcecode.c.objc; path = ManageTaskFactory.m; sourceTree = "<group>"; };
		F759250A20401188006C96CD /* TasksTableViewController.h */ = {isa = PBXFileReference; lastKnownFileType = sourcecode.c.h; path = TasksTableViewController.h; sourceTree = "<group>"; };
		F759250B20401188006C96CD /* TasksTableViewController.m */ = {isa = PBXFileReference; lastKnownFileType = sourcecode.c.objc; path = TasksTableViewController.m; sourceTree = "<group>"; };
		F759250E204016E2006C96CD /* ManageTaskImpl.h */ = {isa = PBXFileReference; lastKnownFileType = sourcecode.c.h; path = ManageTaskImpl.h; sourceTree = "<group>"; };
		F7592511204016FB006C96CD /* ManageTaskTest.m */ = {isa = PBXFileReference; lastKnownFileType = sourcecode.c.objc; path = ManageTaskTest.m; sourceTree = "<group>"; };
		F759251320401889006C96CD /* TaskListingItem.h */ = {isa = PBXFileReference; lastKnownFileType = sourcecode.c.h; path = TaskListingItem.h; sourceTree = "<group>"; };
		F759251420401889006C96CD /* TaskListingItem.m */ = {isa = PBXFileReference; lastKnownFileType = sourcecode.c.objc; path = TaskListingItem.m; sourceTree = "<group>"; };
		F75925162040214A006C96CD /* ManageTaskImpl.m */ = {isa = PBXFileReference; fileEncoding = 4; lastKnownFileType = sourcecode.c.objc; path = ManageTaskImpl.m; sourceTree = "<group>"; };
		F7592518204021EC006C96CD /* TaskRepository.h */ = {isa = PBXFileReference; lastKnownFileType = sourcecode.c.h; path = TaskRepository.h; sourceTree = "<group>"; };
		F759251A2043B4AB006C96CD /* ManageTask.h */ = {isa = PBXFileReference; lastKnownFileType = sourcecode.c.h; path = ManageTask.h; sourceTree = "<group>"; };
		F759251D2043B7F3006C96CD /* TaskListViewModelTest.m */ = {isa = PBXFileReference; lastKnownFileType = sourcecode.c.objc; path = TaskListViewModelTest.m; sourceTree = "<group>"; };
		F75925202043B88C006C96CD /* TaskListViewModel.h */ = {isa = PBXFileReference; lastKnownFileType = sourcecode.c.h; path = TaskListViewModel.h; sourceTree = "<group>"; };
		F75925212043B88C006C96CD /* TaskListViewModel.m */ = {isa = PBXFileReference; lastKnownFileType = sourcecode.c.objc; path = TaskListViewModel.m; sourceTree = "<group>"; };
		F75925232043BF9E006C96CD /* TaskListItemViewModel.h */ = {isa = PBXFileReference; lastKnownFileType = sourcecode.c.h; path = TaskListItemViewModel.h; sourceTree = "<group>"; };
		F75925242043BF9E006C96CD /* TaskListItemViewModel.m */ = {isa = PBXFileReference; lastKnownFileType = sourcecode.c.objc; path = TaskListItemViewModel.m; sourceTree = "<group>"; };
/* End PBXFileReference section */

/* Begin PBXFrameworksBuildPhase section */
		A0013165203AD17F0048E565 /* Frameworks */ = {
			isa = PBXFrameworksBuildPhase;
			buildActionMask = 2147483647;
			files = (
				F70ADFC72045110E00EFE025 /* ReactiveObjC.framework in Frameworks */,
				F70ADF5C20440E5B00EFE025 /* libOCMock.a in Frameworks */,
			);
			runOnlyForDeploymentPostprocessing = 0;
		};
		A0013180203AD17F0048E565 /* Frameworks */ = {
			isa = PBXFrameworksBuildPhase;
			buildActionMask = 2147483647;
			files = (
				F70ADF5E20440E7700EFE025 /* libOCMock.a in Frameworks */,
			);
			runOnlyForDeploymentPostprocessing = 0;
		};
		A001318B203AD17F0048E565 /* Frameworks */ = {
			isa = PBXFrameworksBuildPhase;
			buildActionMask = 2147483647;
			files = (
			);
			runOnlyForDeploymentPostprocessing = 0;
		};
/* End PBXFrameworksBuildPhase section */

/* Begin PBXGroup section */
		A001315F203AD17F0048E565 = {
			isa = PBXGroup;
			children = (
				F70ADFAF204510CA00EFE025 /* ReactiveObjC.xcodeproj */,
				F759250D204016A1006C96CD /* interactor */,
				A0B30B21203AD7E200645AD6 /* entity */,
				F759251F2043B85E006C96CD /* viewmodel */,
				A001316A203AD17F0048E565 /* tasks */,
				A0013186203AD17F0048E565 /* tasksTests */,
				A0013191203AD17F0048E565 /* tasksUITests */,
				A0013169203AD17F0048E565 /* Products */,
				F70ADF5D20440E7700EFE025 /* Frameworks */,
				F70ADF4E20440E1200EFE025 /* libs */,
			);
			sourceTree = "<group>";
		};
		A0013169203AD17F0048E565 /* Products */ = {
			isa = PBXGroup;
			children = (
				A0013168203AD17F0048E565 /* tasks.app */,
				A0013183203AD17F0048E565 /* tasksTests.xctest */,
				A001318E203AD17F0048E565 /* tasksUITests.xctest */,
			);
			name = Products;
			sourceTree = "<group>";
		};
		A001316A203AD17F0048E565 /* tasks */ = {
			isa = PBXGroup;
			children = (
				A001316B203AD17F0048E565 /* AppDelegate.h */,
				A001316C203AD17F0048E565 /* AppDelegate.m */,
				A0013171203AD17F0048E565 /* Main.storyboard */,
				A0013177203AD17F0048E565 /* Assets.xcassets */,
				A0013179203AD17F0048E565 /* LaunchScreen.storyboard */,
				A001317C203AD17F0048E565 /* Info.plist */,
				A001317D203AD17F0048E565 /* main.m */,
				A0013174203AD17F0048E565 /* tasks.xcdatamodeld */,
				F759250A20401188006C96CD /* TasksTableViewController.h */,
				F759250B20401188006C96CD /* TasksTableViewController.m */,
				F70F7AA02043EE6A00692058 /* TaskTableViewCell.h */,
				F70F7AA12043EE6A00692058 /* TaskTableViewCell.m */,
				F70ADFCD2045494200EFE025 /* TaskDetailViewController.h */,
				F70ADFCE2045494200EFE025 /* TaskDetailViewController.m */,
			);
			path = tasks;
			sourceTree = "<group>";
		};
		A0013186203AD17F0048E565 /* tasksTests */ = {
			isa = PBXGroup;
			children = (
				A0013189203AD17F0048E565 /* Info.plist */,
				A0B30B22203ADBF800645AD6 /* TaskTest.m */,
				F7592511204016FB006C96CD /* ManageTaskTest.m */,
				F759251D2043B7F3006C96CD /* TaskListViewModelTest.m */,
			);
			path = tasksTests;
			sourceTree = "<group>";
		};
		A0013191203AD17F0048E565 /* tasksUITests */ = {
			isa = PBXGroup;
			children = (
				A0013192203AD17F0048E565 /* tasksUITests.m */,
				A0013194203AD17F0048E565 /* Info.plist */,
			);
			path = tasksUITests;
			sourceTree = "<group>";
		};
		A0B30B21203AD7E200645AD6 /* entity */ = {
			isa = PBXGroup;
			children = (
				A0B30B24203ADC3C00645AD6 /* Task.h */,
				A0B30B25203ADC3C00645AD6 /* Task.m */,
			);
			path = entity;
			sourceTree = "<group>";
		};
		F70ADF4E20440E1200EFE025 /* libs */ = {
			isa = PBXGroup;
			children = (
				F70ADF4F20440E4000EFE025 /* ocmock */,
			);
			path = libs;
			sourceTree = "<group>";
		};
		F70ADF4F20440E4000EFE025 /* ocmock */ = {
			isa = PBXGroup;
			children = (
				F70ADF5B20440E5B00EFE025 /* libOCMock.a */,
				F70ADF5020440E5B00EFE025 /* OCMock */,
			);
			path = ocmock;
			sourceTree = "<group>";
		};
		F70ADF5020440E5B00EFE025 /* OCMock */ = {
			isa = PBXGroup;
			children = (
				F70ADF5120440E5B00EFE025 /* OCMockObject.h */,
				F70ADF5220440E5B00EFE025 /* OCMMacroState.h */,
				F70ADF5320440E5B00EFE025 /* OCMock.h */,
				F70ADF5420440E5B00EFE025 /* NSNotificationCenter+OCMAdditions.h */,
				F70ADF5520440E5B00EFE025 /* OCMFunctions.h */,
				F70ADF5620440E5B00EFE025 /* OCMStubRecorder.h */,
				F70ADF5720440E5B00EFE025 /* OCMRecorder.h */,
				F70ADF5820440E5B00EFE025 /* OCMLocation.h */,
				F70ADF5920440E5B00EFE025 /* OCMConstraint.h */,
				F70ADF5A20440E5B00EFE025 /* OCMArg.h */,
			);
			path = OCMock;
			sourceTree = "<group>";
		};
		F70ADF5D20440E7700EFE025 /* Frameworks */ = {
			isa = PBXGroup;
			children = (
			);
			name = Frameworks;
			sourceTree = "<group>";
		};
		F70ADFB0204510CA00EFE025 /* Products */ = {
			isa = PBXGroup;
			children = (
				F70ADFBA204510CA00EFE025 /* ReactiveObjC.framework */,
				F70ADFBC204510CA00EFE025 /* ReactiveObjCTests.xctest */,
				F70ADFBE204510CA00EFE025 /* ReactiveObjC.framework */,
				F70ADFC0204510CA00EFE025 /* ReactiveObjCTests.xctest */,
				F70ADFC2204510CA00EFE025 /* ReactiveObjC.framework */,
				F70ADFC4204510CA00EFE025 /* ReactiveObjC.framework */,
				F70ADFC6204510CA00EFE025 /* ReactiveObjCTests.xctest */,
			);
			name = Products;
			sourceTree = "<group>";
		};
		F70F7AA92043F54A00692058 /* factory */ = {
			isa = PBXGroup;
			children = (
				F70F7AA62043F47600692058 /* ManageTaskFactory.h */,
				F70F7AA72043F47600692058 /* ManageTaskFactory.m */,
			);
			path = factory;
			sourceTree = "<group>";
		};
		F70F7AAA2043F56A00692058 /* factory */ = {
			isa = PBXGroup;
			children = (
				F70F7AA32043F17F00692058 /* TaskListViewModelFactory.h */,
				F70F7AA42043F17F00692058 /* TaskListViewModelFactory.m */,
			);
			name = factory;
			sourceTree = "<group>";
		};
		F759250D204016A1006C96CD /* interactor */ = {
			isa = PBXGroup;
			children = (
				F75925192043B436006C96CD /* api */,
				F70F7AA92043F54A00692058 /* factory */,
				F75925162040214A006C96CD /* ManageTaskImpl.m */,
				F759250E204016E2006C96CD /* ManageTaskImpl.h */,
				F7592518204021EC006C96CD /* TaskRepository.h */,
				F70ADF4A2044057000EFE025 /* InMemoryTaskRepository.h */,
				F70ADF4B2044057000EFE025 /* InMemoryTaskRepository.m */,
			);
			path = interactor;
			sourceTree = "<group>";
		};
		F75925192043B436006C96CD /* api */ = {
			isa = PBXGroup;
			children = (
				F759251A2043B4AB006C96CD /* ManageTask.h */,
				F759251320401889006C96CD /* TaskListingItem.h */,
				F759251420401889006C96CD /* TaskListingItem.m */,
			);
			name = api;
			sourceTree = "<group>";
		};
		F759251F2043B85E006C96CD /* viewmodel */ = {
			isa = PBXGroup;
			children = (
				F70F7AAA2043F56A00692058 /* factory */,
				F75925202043B88C006C96CD /* TaskListViewModel.h */,
				F75925212043B88C006C96CD /* TaskListViewModel.m */,
				F75925232043BF9E006C96CD /* TaskListItemViewModel.h */,
				F75925242043BF9E006C96CD /* TaskListItemViewModel.m */,
				F70ADFD320454A0600EFE025 /* TaskDetailViewModel.h */,
				F70ADFD420454A0600EFE025 /* TaskDetailViewModel.m */,
			);
			path = viewmodel;
			sourceTree = "<group>";
		};
/* End PBXGroup section */

/* Begin PBXNativeTarget section */
		A0013167203AD17F0048E565 /* tasks */ = {
			isa = PBXNativeTarget;
			buildConfigurationList = A0013197203AD17F0048E565 /* Build configuration list for PBXNativeTarget "tasks" */;
			buildPhases = (
				A0013164203AD17F0048E565 /* Sources */,
				A0013165203AD17F0048E565 /* Frameworks */,
				A0013166203AD17F0048E565 /* Resources */,
				F70ADFC82045112300EFE025 /* Copy Frameworks */,
			);
			buildRules = (
			);
			dependencies = (
				F70ADFCC2045116100EFE025 /* PBXTargetDependency */,
			);
			name = tasks;
			productName = tasks;
			productReference = A0013168203AD17F0048E565 /* tasks.app */;
			productType = "com.apple.product-type.application";
		};
		A0013182203AD17F0048E565 /* tasksTests */ = {
			isa = PBXNativeTarget;
			buildConfigurationList = A001319A203AD17F0048E565 /* Build configuration list for PBXNativeTarget "tasksTests" */;
			buildPhases = (
				A001317F203AD17F0048E565 /* Sources */,
				A0013180203AD17F0048E565 /* Frameworks */,
				A0013181203AD17F0048E565 /* Resources */,
			);
			buildRules = (
			);
			dependencies = (
				A0013185203AD17F0048E565 /* PBXTargetDependency */,
			);
			name = tasksTests;
			productName = tasksTests;
			productReference = A0013183203AD17F0048E565 /* tasksTests.xctest */;
			productType = "com.apple.product-type.bundle.unit-test";
		};
		A001318D203AD17F0048E565 /* tasksUITests */ = {
			isa = PBXNativeTarget;
			buildConfigurationList = A001319D203AD17F0048E565 /* Build configuration list for PBXNativeTarget "tasksUITests" */;
			buildPhases = (
				A001318A203AD17F0048E565 /* Sources */,
				A001318B203AD17F0048E565 /* Frameworks */,
				A001318C203AD17F0048E565 /* Resources */,
			);
			buildRules = (
			);
			dependencies = (
				A0013190203AD17F0048E565 /* PBXTargetDependency */,
			);
			name = tasksUITests;
			productName = tasksUITests;
			productReference = A001318E203AD17F0048E565 /* tasksUITests.xctest */;
			productType = "com.apple.product-type.bundle.ui-testing";
		};
/* End PBXNativeTarget section */

/* Begin PBXProject section */
		A0013160203AD17F0048E565 /* Project object */ = {
			isa = PBXProject;
			attributes = {
				LastUpgradeCheck = 0920;
				ORGANIZATIONNAME = kmklabs;
				TargetAttributes = {
					A0013167203AD17F0048E565 = {
						CreatedOnToolsVersion = 9.2;
						ProvisioningStyle = Automatic;
					};
					A0013182203AD17F0048E565 = {
						CreatedOnToolsVersion = 9.2;
						ProvisioningStyle = Automatic;
						TestTargetID = A0013167203AD17F0048E565;
					};
					A001318D203AD17F0048E565 = {
						CreatedOnToolsVersion = 9.2;
						ProvisioningStyle = Automatic;
						TestTargetID = A0013167203AD17F0048E565;
					};
				};
			};
			buildConfigurationList = A0013163203AD17F0048E565 /* Build configuration list for PBXProject "tasks" */;
			compatibilityVersion = "Xcode 8.0";
			developmentRegion = en;
			hasScannedForEncodings = 0;
			knownRegions = (
				en,
				Base,
			);
			mainGroup = A001315F203AD17F0048E565;
			productRefGroup = A0013169203AD17F0048E565 /* Products */;
			projectDirPath = "";
			projectReferences = (
				{
					ProductGroup = F70ADFB0204510CA00EFE025 /* Products */;
					ProjectRef = F70ADFAF204510CA00EFE025 /* ReactiveObjC.xcodeproj */;
				},
			);
			projectRoot = "";
			targets = (
				A0013167203AD17F0048E565 /* tasks */,
				A0013182203AD17F0048E565 /* tasksTests */,
				A001318D203AD17F0048E565 /* tasksUITests */,
			);
		};
/* End PBXProject section */

/* Begin PBXReferenceProxy section */
		F70ADFBA204510CA00EFE025 /* ReactiveObjC.framework */ = {
			isa = PBXReferenceProxy;
			fileType = wrapper.framework;
			path = ReactiveObjC.framework;
			remoteRef = F70ADFB9204510CA00EFE025 /* PBXContainerItemProxy */;
			sourceTree = BUILT_PRODUCTS_DIR;
		};
		F70ADFBC204510CA00EFE025 /* ReactiveObjCTests.xctest */ = {
			isa = PBXReferenceProxy;
			fileType = wrapper.cfbundle;
			path = ReactiveObjCTests.xctest;
			remoteRef = F70ADFBB204510CA00EFE025 /* PBXContainerItemProxy */;
			sourceTree = BUILT_PRODUCTS_DIR;
		};
		F70ADFBE204510CA00EFE025 /* ReactiveObjC.framework */ = {
			isa = PBXReferenceProxy;
			fileType = wrapper.framework;
			path = ReactiveObjC.framework;
			remoteRef = F70ADFBD204510CA00EFE025 /* PBXContainerItemProxy */;
			sourceTree = BUILT_PRODUCTS_DIR;
		};
		F70ADFC0204510CA00EFE025 /* ReactiveObjCTests.xctest */ = {
			isa = PBXReferenceProxy;
			fileType = wrapper.cfbundle;
			path = ReactiveObjCTests.xctest;
			remoteRef = F70ADFBF204510CA00EFE025 /* PBXContainerItemProxy */;
			sourceTree = BUILT_PRODUCTS_DIR;
		};
		F70ADFC2204510CA00EFE025 /* ReactiveObjC.framework */ = {
			isa = PBXReferenceProxy;
			fileType = wrapper.framework;
			path = ReactiveObjC.framework;
			remoteRef = F70ADFC1204510CA00EFE025 /* PBXContainerItemProxy */;
			sourceTree = BUILT_PRODUCTS_DIR;
		};
		F70ADFC4204510CA00EFE025 /* ReactiveObjC.framework */ = {
			isa = PBXReferenceProxy;
			fileType = wrapper.framework;
			path = ReactiveObjC.framework;
			remoteRef = F70ADFC3204510CA00EFE025 /* PBXContainerItemProxy */;
			sourceTree = BUILT_PRODUCTS_DIR;
		};
		F70ADFC6204510CA00EFE025 /* ReactiveObjCTests.xctest */ = {
			isa = PBXReferenceProxy;
			fileType = wrapper.cfbundle;
			path = ReactiveObjCTests.xctest;
			remoteRef = F70ADFC5204510CA00EFE025 /* PBXContainerItemProxy */;
			sourceTree = BUILT_PRODUCTS_DIR;
		};
/* End PBXReferenceProxy section */

/* Begin PBXResourcesBuildPhase section */
		A0013166203AD17F0048E565 /* Resources */ = {
			isa = PBXResourcesBuildPhase;
			buildActionMask = 2147483647;
			files = (
				A001317B203AD17F0048E565 /* LaunchScreen.storyboard in Resources */,
				A0013178203AD17F0048E565 /* Assets.xcassets in Resources */,
				A0013173203AD17F0048E565 /* Main.storyboard in Resources */,
			);
			runOnlyForDeploymentPostprocessing = 0;
		};
		A0013181203AD17F0048E565 /* Resources */ = {
			isa = PBXResourcesBuildPhase;
			buildActionMask = 2147483647;
			files = (
			);
			runOnlyForDeploymentPostprocessing = 0;
		};
		A001318C203AD17F0048E565 /* Resources */ = {
			isa = PBXResourcesBuildPhase;
			buildActionMask = 2147483647;
			files = (
			);
			runOnlyForDeploymentPostprocessing = 0;
		};
/* End PBXResourcesBuildPhase section */

/* Begin PBXSourcesBuildPhase section */
		A0013164203AD17F0048E565 /* Sources */ = {
			isa = PBXSourcesBuildPhase;
			buildActionMask = 2147483647;
			files = (
				A0B30B26203ADC3C00645AD6 /* Task.m in Sources */,
				F75925222043B88C006C96CD /* TaskListViewModel.m in Sources */,
				F70F7AA82043F47600692058 /* ManageTaskFactory.m in Sources */,
				F70ADFD520454A0600EFE025 /* TaskDetailViewModel.m in Sources */,
				F70F7AA22043EE6A00692058 /* TaskTableViewCell.m in Sources */,
				F759251520401889006C96CD /* TaskListingItem.m in Sources */,
				F759250C20401188006C96CD /* TasksTableViewController.m in Sources */,
				F75925252043BF9E006C96CD /* TaskListItemViewModel.m in Sources */,
				A001316D203AD17F0048E565 /* AppDelegate.m in Sources */,
				F70ADF4C2044057000EFE025 /* InMemoryTaskRepository.m in Sources */,
				F75925172040214A006C96CD /* ManageTaskImpl.m in Sources */,
				F70ADFCF2045494200EFE025 /* TaskDetailViewController.m in Sources */,
				A001317E203AD17F0048E565 /* main.m in Sources */,
				A0013176203AD17F0048E565 /* tasks.xcdatamodeld in Sources */,
				F70F7AA52043F17F00692058 /* TaskListViewModelFactory.m in Sources */,
			);
			runOnlyForDeploymentPostprocessing = 0;
		};
		A001317F203AD17F0048E565 /* Sources */ = {
			isa = PBXSourcesBuildPhase;
			buildActionMask = 2147483647;
			files = (
				A0B30B23203ADBF800645AD6 /* TaskTest.m in Sources */,
				F759251E2043B7F3006C96CD /* TaskListViewModelTest.m in Sources */,
				F7592512204016FB006C96CD /* ManageTaskTest.m in Sources */,
			);
			runOnlyForDeploymentPostprocessing = 0;
		};
		A001318A203AD17F0048E565 /* Sources */ = {
			isa = PBXSourcesBuildPhase;
			buildActionMask = 2147483647;
			files = (
				A0013193203AD17F0048E565 /* tasksUITests.m in Sources */,
			);
			runOnlyForDeploymentPostprocessing = 0;
		};
/* End PBXSourcesBuildPhase section */

/* Begin PBXTargetDependency section */
		A0013185203AD17F0048E565 /* PBXTargetDependency */ = {
			isa = PBXTargetDependency;
			target = A0013167203AD17F0048E565 /* tasks */;
			targetProxy = A0013184203AD17F0048E565 /* PBXContainerItemProxy */;
		};
		A0013190203AD17F0048E565 /* PBXTargetDependency */ = {
			isa = PBXTargetDependency;
			target = A0013167203AD17F0048E565 /* tasks */;
			targetProxy = A001318F203AD17F0048E565 /* PBXContainerItemProxy */;
		};
		F70ADFCC2045116100EFE025 /* PBXTargetDependency */ = {
			isa = PBXTargetDependency;
			name = "ReactiveObjC-iOS";
			targetProxy = F70ADFCB2045116100EFE025 /* PBXContainerItemProxy */;
		};
/* End PBXTargetDependency section */

/* Begin PBXVariantGroup section */
		A0013171203AD17F0048E565 /* Main.storyboard */ = {
			isa = PBXVariantGroup;
			children = (
				A0013172203AD17F0048E565 /* Base */,
			);
			name = Main.storyboard;
			sourceTree = "<group>";
		};
		A0013179203AD17F0048E565 /* LaunchScreen.storyboard */ = {
			isa = PBXVariantGroup;
			children = (
				A001317A203AD17F0048E565 /* Base */,
			);
			name = LaunchScreen.storyboard;
			sourceTree = "<group>";
		};
/* End PBXVariantGroup section */

/* Begin XCBuildConfiguration section */
		A0013195203AD17F0048E565 /* Debug */ = {
			isa = XCBuildConfiguration;
			buildSettings = {
				ALWAYS_SEARCH_USER_PATHS = NO;
				CLANG_ANALYZER_NONNULL = YES;
				CLANG_ANALYZER_NUMBER_OBJECT_CONVERSION = YES_AGGRESSIVE;
				CLANG_CXX_LANGUAGE_STANDARD = "gnu++14";
				CLANG_CXX_LIBRARY = "libc++";
				CLANG_ENABLE_MODULES = YES;
				CLANG_ENABLE_OBJC_ARC = YES;
				CLANG_WARN_BLOCK_CAPTURE_AUTORELEASING = YES;
				CLANG_WARN_BOOL_CONVERSION = YES;
				CLANG_WARN_COMMA = YES;
				CLANG_WARN_CONSTANT_CONVERSION = YES;
				CLANG_WARN_DIRECT_OBJC_ISA_USAGE = YES_ERROR;
				CLANG_WARN_DOCUMENTATION_COMMENTS = YES;
				CLANG_WARN_EMPTY_BODY = YES;
				CLANG_WARN_ENUM_CONVERSION = YES;
				CLANG_WARN_INFINITE_RECURSION = YES;
				CLANG_WARN_INT_CONVERSION = YES;
				CLANG_WARN_NON_LITERAL_NULL_CONVERSION = YES;
				CLANG_WARN_OBJC_LITERAL_CONVERSION = YES;
				CLANG_WARN_OBJC_ROOT_CLASS = YES_ERROR;
				CLANG_WARN_RANGE_LOOP_ANALYSIS = YES;
				CLANG_WARN_STRICT_PROTOTYPES = YES;
				CLANG_WARN_SUSPICIOUS_MOVE = YES;
				CLANG_WARN_UNGUARDED_AVAILABILITY = YES_AGGRESSIVE;
				CLANG_WARN_UNREACHABLE_CODE = YES;
				CLANG_WARN__DUPLICATE_METHOD_MATCH = YES;
				CODE_SIGN_IDENTITY = "iPhone Developer";
				COPY_PHASE_STRIP = NO;
				DEBUG_INFORMATION_FORMAT = dwarf;
				ENABLE_STRICT_OBJC_MSGSEND = YES;
				ENABLE_TESTABILITY = YES;
				GCC_C_LANGUAGE_STANDARD = gnu11;
				GCC_DYNAMIC_NO_PIC = NO;
				GCC_NO_COMMON_BLOCKS = YES;
				GCC_OPTIMIZATION_LEVEL = 0;
				GCC_PREPROCESSOR_DEFINITIONS = (
					"DEBUG=1",
					"$(inherited)",
				);
				GCC_WARN_64_TO_32_BIT_CONVERSION = YES;
				GCC_WARN_ABOUT_RETURN_TYPE = YES_ERROR;
				GCC_WARN_UNDECLARED_SELECTOR = YES;
				GCC_WARN_UNINITIALIZED_AUTOS = YES_AGGRESSIVE;
				GCC_WARN_UNUSED_FUNCTION = YES;
				GCC_WARN_UNUSED_VARIABLE = YES;
				IPHONEOS_DEPLOYMENT_TARGET = 11.2;
				MTL_ENABLE_DEBUG_INFO = YES;
				ONLY_ACTIVE_ARCH = YES;
				SDKROOT = iphoneos;
			};
			name = Debug;
		};
		A0013196203AD17F0048E565 /* Release */ = {
			isa = XCBuildConfiguration;
			buildSettings = {
				ALWAYS_SEARCH_USER_PATHS = NO;
				CLANG_ANALYZER_NONNULL = YES;
				CLANG_ANALYZER_NUMBER_OBJECT_CONVERSION = YES_AGGRESSIVE;
				CLANG_CXX_LANGUAGE_STANDARD = "gnu++14";
				CLANG_CXX_LIBRARY = "libc++";
				CLANG_ENABLE_MODULES = YES;
				CLANG_ENABLE_OBJC_ARC = YES;
				CLANG_WARN_BLOCK_CAPTURE_AUTORELEASING = YES;
				CLANG_WARN_BOOL_CONVERSION = YES;
				CLANG_WARN_COMMA = YES;
				CLANG_WARN_CONSTANT_CONVERSION = YES;
				CLANG_WARN_DIRECT_OBJC_ISA_USAGE = YES_ERROR;
				CLANG_WARN_DOCUMENTATION_COMMENTS = YES;
				CLANG_WARN_EMPTY_BODY = YES;
				CLANG_WARN_ENUM_CONVERSION = YES;
				CLANG_WARN_INFINITE_RECURSION = YES;
				CLANG_WARN_INT_CONVERSION = YES;
				CLANG_WARN_NON_LITERAL_NULL_CONVERSION = YES;
				CLANG_WARN_OBJC_LITERAL_CONVERSION = YES;
				CLANG_WARN_OBJC_ROOT_CLASS = YES_ERROR;
				CLANG_WARN_RANGE_LOOP_ANALYSIS = YES;
				CLANG_WARN_STRICT_PROTOTYPES = YES;
				CLANG_WARN_SUSPICIOUS_MOVE = YES;
				CLANG_WARN_UNGUARDED_AVAILABILITY = YES_AGGRESSIVE;
				CLANG_WARN_UNREACHABLE_CODE = YES;
				CLANG_WARN__DUPLICATE_METHOD_MATCH = YES;
				CODE_SIGN_IDENTITY = "iPhone Developer";
				COPY_PHASE_STRIP = NO;
				DEBUG_INFORMATION_FORMAT = "dwarf-with-dsym";
				ENABLE_NS_ASSERTIONS = NO;
				ENABLE_STRICT_OBJC_MSGSEND = YES;
				GCC_C_LANGUAGE_STANDARD = gnu11;
				GCC_NO_COMMON_BLOCKS = YES;
				GCC_WARN_64_TO_32_BIT_CONVERSION = YES;
				GCC_WARN_ABOUT_RETURN_TYPE = YES_ERROR;
				GCC_WARN_UNDECLARED_SELECTOR = YES;
				GCC_WARN_UNINITIALIZED_AUTOS = YES_AGGRESSIVE;
				GCC_WARN_UNUSED_FUNCTION = YES;
				GCC_WARN_UNUSED_VARIABLE = YES;
				IPHONEOS_DEPLOYMENT_TARGET = 11.2;
				MTL_ENABLE_DEBUG_INFO = NO;
				SDKROOT = iphoneos;
				VALIDATE_PRODUCT = YES;
			};
			name = Release;
		};
		A0013198203AD17F0048E565 /* Debug */ = {
			isa = XCBuildConfiguration;
			buildSettings = {
				ASSETCATALOG_COMPILER_APPICON_NAME = AppIcon;
				CODE_SIGN_STYLE = Automatic;
				DEVELOPMENT_TEAM = QZ5K73KDV3;
				HEADER_SEARCH_PATHS = (
					"\"$(BUILD_ROOT)/../IntermediateBuildFilesPath/UninstalledProducts/include\"",
					"$(inherited)",
				);
				INFOPLIST_FILE = tasks/Info.plist;
				LD_RUNPATH_SEARCH_PATHS = "$(inherited) @executable_path/Frameworks";
				LIBRARY_SEARCH_PATHS = (
					"$(inherited)",
					"$(PROJECT_DIR)/libs/ocmock",
				);
				PRODUCT_BUNDLE_IDENTIFIER = com.kmk.tasks;
				PRODUCT_NAME = "$(TARGET_NAME)";
				TARGETED_DEVICE_FAMILY = "1,2";
			};
			name = Debug;
		};
		A0013199203AD17F0048E565 /* Release */ = {
			isa = XCBuildConfiguration;
			buildSettings = {
				ASSETCATALOG_COMPILER_APPICON_NAME = AppIcon;
				CODE_SIGN_STYLE = Automatic;
				DEVELOPMENT_TEAM = QZ5K73KDV3;
				HEADER_SEARCH_PATHS = (
					"\"$(BUILD_ROOT)/../IntermediateBuildFilesPath/UninstalledProducts/include\"",
					"$(inherited)",
				);
				INFOPLIST_FILE = tasks/Info.plist;
				LD_RUNPATH_SEARCH_PATHS = "$(inherited) @executable_path/Frameworks";
				LIBRARY_SEARCH_PATHS = (
					"$(inherited)",
					"$(PROJECT_DIR)/libs/ocmock",
				);
				PRODUCT_BUNDLE_IDENTIFIER = com.kmk.tasks;
				PRODUCT_NAME = "$(TARGET_NAME)";
				TARGETED_DEVICE_FAMILY = "1,2";
			};
			name = Release;
		};
		A001319B203AD17F0048E565 /* Debug */ = {
			isa = XCBuildConfiguration;
			buildSettings = {
				BUNDLE_LOADER = "$(TEST_HOST)";
				CODE_SIGN_STYLE = Automatic;
				DEVELOPMENT_TEAM = QZ5K73KDV3;
				HEADER_SEARCH_PATHS = "$(PROJECT_DIR)/libs/ocmock";
				INFOPLIST_FILE = tasksTests/Info.plist;
				LD_RUNPATH_SEARCH_PATHS = "$(inherited) @executable_path/Frameworks @loader_path/Frameworks";
				LIBRARY_SEARCH_PATHS = (
					"$(inherited)",
					"$(PROJECT_DIR)/libs/ocmock",
				);
				OTHER_LDFLAGS = "-ObjC";
				PRODUCT_BUNDLE_IDENTIFIER = com.kmk.tasksTests;
				PRODUCT_NAME = "$(TARGET_NAME)";
				TARGETED_DEVICE_FAMILY = "1,2";
				TEST_HOST = "$(BUILT_PRODUCTS_DIR)/tasks.app/tasks";
				USER_HEADER_SEARCH_PATHS = "$(PROJECT_DIR)/viewmodel $(PROJECT_DIR)/interactor $(PROJECT_DIR)/entity";
				USE_HEADERMAP = NO;
			};
			name = Debug;
		};
		A001319C203AD17F0048E565 /* Release */ = {
			isa = XCBuildConfiguration;
			buildSettings = {
				BUNDLE_LOADER = "$(TEST_HOST)";
				CODE_SIGN_STYLE = Automatic;
				DEVELOPMENT_TEAM = QZ5K73KDV3;
				HEADER_SEARCH_PATHS = "$(PROJECT_DIR)/libs/ocmock";
				INFOPLIST_FILE = tasksTests/Info.plist;
				LD_RUNPATH_SEARCH_PATHS = "$(inherited) @executable_path/Frameworks @loader_path/Frameworks";
				LIBRARY_SEARCH_PATHS = (
					"$(inherited)",
					"$(PROJECT_DIR)/libs/ocmock",
				);
				OTHER_LDFLAGS = "-ObjC";
				PRODUCT_BUNDLE_IDENTIFIER = com.kmk.tasksTests;
				PRODUCT_NAME = "$(TARGET_NAME)";
				TARGETED_DEVICE_FAMILY = "1,2";
				TEST_HOST = "$(BUILT_PRODUCTS_DIR)/tasks.app/tasks";
				USER_HEADER_SEARCH_PATHS = "$(PROJECT_DIR)/viewmodel $(PROJECT_DIR)/interactor $(PROJECT_DIR)/entity";
				USE_HEADERMAP = NO;
			};
			name = Release;
		};
		A001319E203AD17F0048E565 /* Debug */ = {
			isa = XCBuildConfiguration;
			buildSettings = {
				CODE_SIGN_STYLE = Automatic;
				DEVELOPMENT_TEAM = QZ5K73KDV3;
				INFOPLIST_FILE = tasksUITests/Info.plist;
				LD_RUNPATH_SEARCH_PATHS = "$(inherited) @executable_path/Frameworks @loader_path/Frameworks";
				PRODUCT_BUNDLE_IDENTIFIER = com.kmk.tasksUITests;
				PRODUCT_NAME = "$(TARGET_NAME)";
				TARGETED_DEVICE_FAMILY = "1,2";
				TEST_TARGET_NAME = tasks;
			};
			name = Debug;
		};
		A001319F203AD17F0048E565 /* Release */ = {
			isa = XCBuildConfiguration;
			buildSettings = {
				CODE_SIGN_STYLE = Automatic;
				DEVELOPMENT_TEAM = QZ5K73KDV3;
				INFOPLIST_FILE = tasksUITests/Info.plist;
				LD_RUNPATH_SEARCH_PATHS = "$(inherited) @executable_path/Frameworks @loader_path/Frameworks";
				PRODUCT_BUNDLE_IDENTIFIER = com.kmk.tasksUITests;
				PRODUCT_NAME = "$(TARGET_NAME)";
				TARGETED_DEVICE_FAMILY = "1,2";
				TEST_TARGET_NAME = tasks;
			};
			name = Release;
		};
/* End XCBuildConfiguration section */

/* Begin XCConfigurationList section */
		A0013163203AD17F0048E565 /* Build configuration list for PBXProject "tasks" */ = {
			isa = XCConfigurationList;
			buildConfigurations = (
				A0013195203AD17F0048E565 /* Debug */,
				A0013196203AD17F0048E565 /* Release */,
			);
			defaultConfigurationIsVisible = 0;
			defaultConfigurationName = Release;
		};
		A0013197203AD17F0048E565 /* Build configuration list for PBXNativeTarget "tasks" */ = {
			isa = XCConfigurationList;
			buildConfigurations = (
				A0013198203AD17F0048E565 /* Debug */,
				A0013199203AD17F0048E565 /* Release */,
			);
			defaultConfigurationIsVisible = 0;
			defaultConfigurationName = Release;
		};
		A001319A203AD17F0048E565 /* Build configuration list for PBXNativeTarget "tasksTests" */ = {
			isa = XCConfigurationList;
			buildConfigurations = (
				A001319B203AD17F0048E565 /* Debug */,
				A001319C203AD17F0048E565 /* Release */,
			);
			defaultConfigurationIsVisible = 0;
			defaultConfigurationName = Release;
		};
		A001319D203AD17F0048E565 /* Build configuration list for PBXNativeTarget "tasksUITests" */ = {
			isa = XCConfigurationList;
			buildConfigurations = (
				A001319E203AD17F0048E565 /* Debug */,
				A001319F203AD17F0048E565 /* Release */,
			);
			defaultConfigurationIsVisible = 0;
			defaultConfigurationName = Release;
		};
/* End XCConfigurationList section */

/* Begin XCVersionGroup section */
		A0013174203AD17F0048E565 /* tasks.xcdatamodeld */ = {
			isa = XCVersionGroup;
			children = (
				A0013175203AD17F0048E565 /* tasks.xcdatamodel */,
			);
			currentVersion = A0013175203AD17F0048E565 /* tasks.xcdatamodel */;
			path = tasks.xcdatamodeld;
			sourceTree = "<group>";
			versionGroupType = wrapper.xcdatamodel;
		};
/* End XCVersionGroup section */
	};
	rootObject = A0013160203AD17F0048E565 /* Project object */;
}
